github.com/danielfdickinson/hugo-dfd-demo-site-theme v0.0.0-20211024075148-d792a338a051 h1:iIyC6hghMVpoYUC54jXhaK3UO6xK5SfR/pgugGxfjqU=
github.com/danielfdickinson/hugo-dfd-demo-site-theme v0.0.0-20211024075148-d792a338a051/go.mod h1:gD/BN/rhlhxTwFnAn/aVRV0PDF+fnyApSi9i7ZCQcw4=
github.com/danielfdickinson/hugo-dfd-metadata-central v0.0.0-20211022192728-d6b4ec370120 h1:vEeFUp0eivZIDOWhVz7Tms0XZxdlHM7Si7BXWUjTlEU=
github.com/danielfdickinson/hugo-dfd-metadata-central v0.0.0-20211022192728-d6b4ec370120/go.mod h1:uygtPWTIMU1oCMsQnJ/FR/WKU1XblxqKa4mscGUX4fw=
